
Microsoft Visual Studio Solution File, Format Version 12.00
# Visual Studio Version 16
VisualStudioVersion = 16.0.30413.136
MinimumVisualStudioVersion = 10.0.40219.1
Project("{8BC9CEB8-8B4A-11D0-8D11-00A0C91BC942}") = "1.25", "1.25.vcxproj", "{72B0643E-E021-4A4D-8EF0-784C0AE18018}"
EndProject
Global
	GlobalSection(SolutionConfigurationPlatforms) = preSolution
		Debug|x64 = Debug|x64
		Debug|x86 = Debug|x86
		Release|x64 = Release|x64
		Release|x86 = Release|x86
	EndGlobalSection
	GlobalSection(ProjectConfigurationPlatforms) = postSolution
		{72B0643E-E021-4A4D-8EF0-784C0AE18018}.Debug|x64.ActiveCfg = Debug|x64
		{72B0643E-E021-4A4D-8EF0-784C0AE18018}.Debug|x64.Build.0 = Debug|x64
		{72B0643E-E021-4A4D-8EF0-784C0AE18018}.Debug|x86.ActiveCfg = Debug|Win32
		{72B0643E-E021-4A4D-8EF0-784C0AE18018}.Debug|x86.Build.0 = Debug|Win32
		{72B0643E-E021-4A4D-8EF0-784C0AE18018}.Release|x64.ActiveCfg = Release|x64
		{72B0643E-E021-4A4D-8EF0-784C0AE18018}.Release|x64.Build.0 = Release|x64
		{72B0643E-E021-4A4D-8EF0-784C0AE18018}.Release|x86.ActiveCfg = Release|Win32
		{72B0643E-E021-4A4D-8EF0-784C0AE18018}.Release|x86.Build.0 = Release|Win32
	EndGlobalSection
	GlobalSection(SolutionProperties) = preSolution
		HideSolutionNode = FALSE
	EndGlobalSection
	GlobalSection(ExtensibilityGlobals) = postSolution
		SolutionGuid = {7A1A9479-1401-43F5-86CE-3380309C75D3}
	EndGlobalSection
EndGlobal
