
Microsoft Visual Studio Solution File, Format Version 12.00
# Visual Studio Version 16
VisualStudioVersion = 16.0.30413.136
MinimumVisualStudioVersion = 10.0.40219.1
Project("{8BC9CEB8-8B4A-11D0-8D11-00A0C91BC942}") = "4.12", "4.12.vcxproj", "{03B35675-25F1-4D92-A0E2-80CAE4628E46}"
EndProject
Global
	GlobalSection(SolutionConfigurationPlatforms) = preSolution
		Debug|x64 = Debug|x64
		Debug|x86 = Debug|x86
		Release|x64 = Release|x64
		Release|x86 = Release|x86
	EndGlobalSection
	GlobalSection(ProjectConfigurationPlatforms) = postSolution
		{03B35675-25F1-4D92-A0E2-80CAE4628E46}.Debug|x64.ActiveCfg = Debug|x64
		{03B35675-25F1-4D92-A0E2-80CAE4628E46}.Debug|x64.Build.0 = Debug|x64
		{03B35675-25F1-4D92-A0E2-80CAE4628E46}.Debug|x86.ActiveCfg = Debug|Win32
		{03B35675-25F1-4D92-A0E2-80CAE4628E46}.Debug|x86.Build.0 = Debug|Win32
		{03B35675-25F1-4D92-A0E2-80CAE4628E46}.Release|x64.ActiveCfg = Release|x64
		{03B35675-25F1-4D92-A0E2-80CAE4628E46}.Release|x64.Build.0 = Release|x64
		{03B35675-25F1-4D92-A0E2-80CAE4628E46}.Release|x86.ActiveCfg = Release|Win32
		{03B35675-25F1-4D92-A0E2-80CAE4628E46}.Release|x86.Build.0 = Release|Win32
	EndGlobalSection
	GlobalSection(SolutionProperties) = preSolution
		HideSolutionNode = FALSE
	EndGlobalSection
	GlobalSection(ExtensibilityGlobals) = postSolution
		SolutionGuid = {F1191888-5AD6-4768-8609-BF79A81A66ED}
	EndGlobalSection
EndGlobal
