
Microsoft Visual Studio Solution File, Format Version 12.00
# Visual Studio Version 16
VisualStudioVersion = 16.0.30413.136
MinimumVisualStudioVersion = 10.0.40219.1
Project("{8BC9CEB8-8B4A-11D0-8D11-00A0C91BC942}") = "3.7", "3.7.vcxproj", "{804703D8-F85D-4162-978B-43648B8949EA}"
EndProject
Global
	GlobalSection(SolutionConfigurationPlatforms) = preSolution
		Debug|x64 = Debug|x64
		Debug|x86 = Debug|x86
		Release|x64 = Release|x64
		Release|x86 = Release|x86
	EndGlobalSection
	GlobalSection(ProjectConfigurationPlatforms) = postSolution
		{804703D8-F85D-4162-978B-43648B8949EA}.Debug|x64.ActiveCfg = Debug|x64
		{804703D8-F85D-4162-978B-43648B8949EA}.Debug|x64.Build.0 = Debug|x64
		{804703D8-F85D-4162-978B-43648B8949EA}.Debug|x86.ActiveCfg = Debug|Win32
		{804703D8-F85D-4162-978B-43648B8949EA}.Debug|x86.Build.0 = Debug|Win32
		{804703D8-F85D-4162-978B-43648B8949EA}.Release|x64.ActiveCfg = Release|x64
		{804703D8-F85D-4162-978B-43648B8949EA}.Release|x64.Build.0 = Release|x64
		{804703D8-F85D-4162-978B-43648B8949EA}.Release|x86.ActiveCfg = Release|Win32
		{804703D8-F85D-4162-978B-43648B8949EA}.Release|x86.Build.0 = Release|Win32
	EndGlobalSection
	GlobalSection(SolutionProperties) = preSolution
		HideSolutionNode = FALSE
	EndGlobalSection
	GlobalSection(ExtensibilityGlobals) = postSolution
		SolutionGuid = {0F5C6F29-CCDA-4EC4-B372-35F84C9FAB1A}
	EndGlobalSection
EndGlobal
